
Microsoft Visual Studio Solution File, Format Version 12.00
# Visual Studio 14
VisualStudioVersion = 14.0.25420.1
MinimumVisualStudioVersion = 10.0.40219.1
Project("{2150E333-8FDC-42A3-9474-1A3956D46DE8}") = "library", "library", "{37AF729A-AFF0-45EB-A14E-AED29CE5DB3D}"
EndProject
Project("{2150E333-8FDC-42A3-9474-1A3956D46DE8}") = "samples", "samples", "{B94BCBBD-27CF-49D0-9D3F-9D3D90CE1134}"
EndProject
Project("{2150E333-8FDC-42A3-9474-1A3956D46DE8}") = "export", "export", "{85959341-4F7A-42B7-ABED-CFB3FE13C17C}"
EndProject
Project("{2150E333-8FDC-42A3-9474-1A3956D46DE8}") = "export", "export", "{1D42071F-7D74-452F-9A18-E29F80BD83B1}"
EndProject
Project("{FAE04EC0-301F-11D3-BF4B-00C04F79EFBC}") = "iTin.Export.Core", "library\iTin.Export.Core\iTin.Export.Core.csproj", "{6CD99304-9218-4C77-8DEB-F37FBF2217B9}"
EndProject
Project("{FAE04EC0-301F-11D3-BF4B-00C04F79EFBC}") = "iTin.Export.Queries.SqlServerCe", "library\iTin.Export.Queries.SqlServerCe\iTin.Export.Queries.SqlServerCe.csproj", "{6FF05CCD-224A-4902-869B-6872AA9C4E91}"
EndProject
Project("{FAE04EC0-301F-11D3-BF4B-00C04F79EFBC}") = "iTin.Export.Writers.Adobe", "library\iTin.Export.Writers.Adobe\iTin.Export.Writers.Adobe.csproj", "{ABB9FA61-4BBF-4183-8F9A-EEF4595AD567}"
EndProject
Project("{FAE04EC0-301F-11D3-BF4B-00C04F79EFBC}") = "iTin.Export.Writers.OpenXml.Docx", "library\iTin.Export.Writers.OpenXml.Docx\iTin.Export.Writers.OpenXml.Docx.csproj", "{12C77613-8D87-48D3-BC74-EF020CA3A567}"
EndProject
Project("{FAE04EC0-301F-11D3-BF4B-00C04F79EFBC}") = "iTin.Export.Writers.OpenXml.Xlsx", "library\iTin.Export.Writers.OpenXml.Xlsx\iTin.Export.Writers.OpenXml.Xlsx.csproj", "{38E0A78C-3E9E-4998-89A0-B1500034E761}"
EndProject
Project("{FAE04EC0-301F-11D3-BF4B-00C04F79EFBC}") = "iTin.Export.Queries.SqlServerCe.Functions", "samples\export\iTin.Export.Queries.SqlServerCe.Functions\iTin.Export.Queries.SqlServerCe.Functions.csproj", "{CC3430F6-D194-43BA-B351-703CAE4E04D8}"
EndProject
Project("{FAE04EC0-301F-11D3-BF4B-00C04F79EFBC}") = "iTin.Export.Queries.SqlServerCe.Sample", "samples\export\iTin.Export.Queries.SqlServerCeSample\iTin.Export.Queries.SqlServerCe.Sample.csproj", "{27BBDDD5-5FEA-47C6-AE63-DD25CFE24D7F}"
EndProject
Project("{2150E333-8FDC-42A3-9474-1A3956D46DE8}") = "documentation", "documentation", "{2903610D-C557-4F82-B703-A7B3BBC64200}"
EndProject
Project("{7CF6DF6D-3B04-46F8-A40B-537D21BCA0B4}") = "iTin.Export.Documentation", "documentation\iTin.Export.Documentation\iTin.Export.Documentation.shfbproj", "{8B5E4067-8A2F-41CA-BF57-187B04A7431C}"
EndProject
Global
	GlobalSection(SolutionConfigurationPlatforms) = preSolution
		Debug|Any CPU = Debug|Any CPU
		Debug|Mixed Platforms = Debug|Mixed Platforms
		Debug|x86 = Debug|x86
		Release|Any CPU = Release|Any CPU
		Release|Mixed Platforms = Release|Mixed Platforms
		Release|x86 = Release|x86
	EndGlobalSection
	GlobalSection(ProjectConfigurationPlatforms) = postSolution
		{6CD99304-9218-4C77-8DEB-F37FBF2217B9}.Debug|Any CPU.ActiveCfg = Debug|Any CPU
		{6CD99304-9218-4C77-8DEB-F37FBF2217B9}.Debug|Any CPU.Build.0 = Debug|Any CPU
		{6CD99304-9218-4C77-8DEB-F37FBF2217B9}.Debug|Mixed Platforms.ActiveCfg = Debug|Any CPU
		{6CD99304-9218-4C77-8DEB-F37FBF2217B9}.Debug|Mixed Platforms.Build.0 = Debug|Any CPU
		{6CD99304-9218-4C77-8DEB-F37FBF2217B9}.Debug|x86.ActiveCfg = Debug|Any CPU
		{6CD99304-9218-4C77-8DEB-F37FBF2217B9}.Debug|x86.Build.0 = Debug|Any CPU
		{6CD99304-9218-4C77-8DEB-F37FBF2217B9}.Release|Any CPU.ActiveCfg = Release|Any CPU
		{6CD99304-9218-4C77-8DEB-F37FBF2217B9}.Release|Any CPU.Build.0 = Release|Any CPU
		{6CD99304-9218-4C77-8DEB-F37FBF2217B9}.Release|Mixed Platforms.ActiveCfg = Release|Any CPU
		{6CD99304-9218-4C77-8DEB-F37FBF2217B9}.Release|Mixed Platforms.Build.0 = Release|Any CPU
		{6CD99304-9218-4C77-8DEB-F37FBF2217B9}.Release|x86.ActiveCfg = Release|Any CPU
		{6CD99304-9218-4C77-8DEB-F37FBF2217B9}.Release|x86.Build.0 = Release|Any CPU
		{6FF05CCD-224A-4902-869B-6872AA9C4E91}.Debug|Any CPU.ActiveCfg = Debug|Any CPU
		{6FF05CCD-224A-4902-869B-6872AA9C4E91}.Debug|Any CPU.Build.0 = Debug|Any CPU
		{6FF05CCD-224A-4902-869B-6872AA9C4E91}.Debug|Mixed Platforms.ActiveCfg = Debug|Any CPU
		{6FF05CCD-224A-4902-869B-6872AA9C4E91}.Debug|Mixed Platforms.Build.0 = Debug|Any CPU
		{6FF05CCD-224A-4902-869B-6872AA9C4E91}.Debug|x86.ActiveCfg = Debug|Any CPU
		{6FF05CCD-224A-4902-869B-6872AA9C4E91}.Debug|x86.Build.0 = Debug|Any CPU
		{6FF05CCD-224A-4902-869B-6872AA9C4E91}.Release|Any CPU.ActiveCfg = Release|Any CPU
		{6FF05CCD-224A-4902-869B-6872AA9C4E91}.Release|Any CPU.Build.0 = Release|Any CPU
		{6FF05CCD-224A-4902-869B-6872AA9C4E91}.Release|Mixed Platforms.ActiveCfg = Release|Any CPU
		{6FF05CCD-224A-4902-869B-6872AA9C4E91}.Release|Mixed Platforms.Build.0 = Release|Any CPU
		{6FF05CCD-224A-4902-869B-6872AA9C4E91}.Release|x86.ActiveCfg = Release|Any CPU
		{6FF05CCD-224A-4902-869B-6872AA9C4E91}.Release|x86.Build.0 = Release|Any CPU
		{ABB9FA61-4BBF-4183-8F9A-EEF4595AD567}.Debug|Any CPU.ActiveCfg = Debug|Any CPU
		{ABB9FA61-4BBF-4183-8F9A-EEF4595AD567}.Debug|Any CPU.Build.0 = Debug|Any CPU
		{ABB9FA61-4BBF-4183-8F9A-EEF4595AD567}.Debug|Mixed Platforms.ActiveCfg = Debug|Any CPU
		{ABB9FA61-4BBF-4183-8F9A-EEF4595AD567}.Debug|Mixed Platforms.Build.0 = Debug|Any CPU
		{ABB9FA61-4BBF-4183-8F9A-EEF4595AD567}.Debug|x86.ActiveCfg = Debug|Any CPU
		{ABB9FA61-4BBF-4183-8F9A-EEF4595AD567}.Debug|x86.Build.0 = Debug|Any CPU
		{ABB9FA61-4BBF-4183-8F9A-EEF4595AD567}.Release|Any CPU.ActiveCfg = Release|Any CPU
		{ABB9FA61-4BBF-4183-8F9A-EEF4595AD567}.Release|Any CPU.Build.0 = Release|Any CPU
		{ABB9FA61-4BBF-4183-8F9A-EEF4595AD567}.Release|Mixed Platforms.ActiveCfg = Release|Any CPU
		{ABB9FA61-4BBF-4183-8F9A-EEF4595AD567}.Release|Mixed Platforms.Build.0 = Release|Any CPU
		{ABB9FA61-4BBF-4183-8F9A-EEF4595AD567}.Release|x86.ActiveCfg = Release|Any CPU
		{ABB9FA61-4BBF-4183-8F9A-EEF4595AD567}.Release|x86.Build.0 = Release|Any CPU
		{12C77613-8D87-48D3-BC74-EF020CA3A567}.Debug|Any CPU.ActiveCfg = Debug|Any CPU
		{12C77613-8D87-48D3-BC74-EF020CA3A567}.Debug|Any CPU.Build.0 = Debug|Any CPU
		{12C77613-8D87-48D3-BC74-EF020CA3A567}.Debug|Mixed Platforms.ActiveCfg = Debug|Any CPU
		{12C77613-8D87-48D3-BC74-EF020CA3A567}.Debug|Mixed Platforms.Build.0 = Debug|Any CPU
		{12C77613-8D87-48D3-BC74-EF020CA3A567}.Debug|x86.ActiveCfg = Debug|Any CPU
		{12C77613-8D87-48D3-BC74-EF020CA3A567}.Debug|x86.Build.0 = Debug|Any CPU
		{12C77613-8D87-48D3-BC74-EF020CA3A567}.Release|Any CPU.ActiveCfg = Release|Any CPU
		{12C77613-8D87-48D3-BC74-EF020CA3A567}.Release|Any CPU.Build.0 = Release|Any CPU
		{12C77613-8D87-48D3-BC74-EF020CA3A567}.Release|Mixed Platforms.ActiveCfg = Release|Any CPU
		{12C77613-8D87-48D3-BC74-EF020CA3A567}.Release|Mixed Platforms.Build.0 = Release|Any CPU
		{12C77613-8D87-48D3-BC74-EF020CA3A567}.Release|x86.ActiveCfg = Release|Any CPU
		{12C77613-8D87-48D3-BC74-EF020CA3A567}.Release|x86.Build.0 = Release|Any CPU
		{38E0A78C-3E9E-4998-89A0-B1500034E761}.Debug|Any CPU.ActiveCfg = Debug|Any CPU
		{38E0A78C-3E9E-4998-89A0-B1500034E761}.Debug|Any CPU.Build.0 = Debug|Any CPU
		{38E0A78C-3E9E-4998-89A0-B1500034E761}.Debug|Mixed Platforms.ActiveCfg = Debug|Any CPU
		{38E0A78C-3E9E-4998-89A0-B1500034E761}.Debug|Mixed Platforms.Build.0 = Debug|Any CPU
		{38E0A78C-3E9E-4998-89A0-B1500034E761}.Debug|x86.ActiveCfg = Debug|Any CPU
		{38E0A78C-3E9E-4998-89A0-B1500034E761}.Debug|x86.Build.0 = Debug|Any CPU
		{38E0A78C-3E9E-4998-89A0-B1500034E761}.Release|Any CPU.ActiveCfg = Release|Any CPU
		{38E0A78C-3E9E-4998-89A0-B1500034E761}.Release|Any CPU.Build.0 = Release|Any CPU
		{38E0A78C-3E9E-4998-89A0-B1500034E761}.Release|Mixed Platforms.ActiveCfg = Release|Any CPU
		{38E0A78C-3E9E-4998-89A0-B1500034E761}.Release|Mixed Platforms.Build.0 = Release|Any CPU
		{38E0A78C-3E9E-4998-89A0-B1500034E761}.Release|x86.ActiveCfg = Release|Any CPU
		{38E0A78C-3E9E-4998-89A0-B1500034E761}.Release|x86.Build.0 = Release|Any CPU
		{CC3430F6-D194-43BA-B351-703CAE4E04D8}.Debug|Any CPU.ActiveCfg = Debug|Any CPU
		{CC3430F6-D194-43BA-B351-703CAE4E04D8}.Debug|Any CPU.Build.0 = Debug|Any CPU
		{CC3430F6-D194-43BA-B351-703CAE4E04D8}.Debug|Mixed Platforms.ActiveCfg = Debug|Any CPU
		{CC3430F6-D194-43BA-B351-703CAE4E04D8}.Debug|Mixed Platforms.Build.0 = Debug|Any CPU
		{CC3430F6-D194-43BA-B351-703CAE4E04D8}.Debug|x86.ActiveCfg = Debug|Any CPU
		{CC3430F6-D194-43BA-B351-703CAE4E04D8}.Debug|x86.Build.0 = Debug|Any CPU
		{CC3430F6-D194-43BA-B351-703CAE4E04D8}.Release|Any CPU.ActiveCfg = Release|Any CPU
		{CC3430F6-D194-43BA-B351-703CAE4E04D8}.Release|Any CPU.Build.0 = Release|Any CPU
		{CC3430F6-D194-43BA-B351-703CAE4E04D8}.Release|Mixed Platforms.ActiveCfg = Release|Any CPU
		{CC3430F6-D194-43BA-B351-703CAE4E04D8}.Release|Mixed Platforms.Build.0 = Release|Any CPU
		{CC3430F6-D194-43BA-B351-703CAE4E04D8}.Release|x86.ActiveCfg = Release|Any CPU
		{CC3430F6-D194-43BA-B351-703CAE4E04D8}.Release|x86.Build.0 = Release|Any CPU
		{27BBDDD5-5FEA-47C6-AE63-DD25CFE24D7F}.Debug|Any CPU.ActiveCfg = Debug|Any CPU
		{27BBDDD5-5FEA-47C6-AE63-DD25CFE24D7F}.Debug|Any CPU.Build.0 = Debug|Any CPU
		{27BBDDD5-5FEA-47C6-AE63-DD25CFE24D7F}.Debug|Mixed Platforms.ActiveCfg = Debug|Any CPU
		{27BBDDD5-5FEA-47C6-AE63-DD25CFE24D7F}.Debug|Mixed Platforms.Build.0 = Debug|Any CPU
		{27BBDDD5-5FEA-47C6-AE63-DD25CFE24D7F}.Debug|x86.ActiveCfg = Debug|Any CPU
		{27BBDDD5-5FEA-47C6-AE63-DD25CFE24D7F}.Debug|x86.Build.0 = Debug|Any CPU
		{27BBDDD5-5FEA-47C6-AE63-DD25CFE24D7F}.Release|Any CPU.ActiveCfg = Release|Any CPU
		{27BBDDD5-5FEA-47C6-AE63-DD25CFE24D7F}.Release|Any CPU.Build.0 = Release|Any CPU
		{27BBDDD5-5FEA-47C6-AE63-DD25CFE24D7F}.Release|Mixed Platforms.ActiveCfg = Release|Any CPU
		{27BBDDD5-5FEA-47C6-AE63-DD25CFE24D7F}.Release|Mixed Platforms.Build.0 = Release|Any CPU
		{27BBDDD5-5FEA-47C6-AE63-DD25CFE24D7F}.Release|x86.ActiveCfg = Release|Any CPU
		{27BBDDD5-5FEA-47C6-AE63-DD25CFE24D7F}.Release|x86.Build.0 = Release|Any CPU
		{8B5E4067-8A2F-41CA-BF57-187B04A7431C}.Debug|Any CPU.ActiveCfg = Debug|Any CPU
		{8B5E4067-8A2F-41CA-BF57-187B04A7431C}.Debug|Any CPU.Build.0 = Debug|Any CPU
		{8B5E4067-8A2F-41CA-BF57-187B04A7431C}.Debug|Mixed Platforms.ActiveCfg = Debug|Any CPU
		{8B5E4067-8A2F-41CA-BF57-187B04A7431C}.Debug|Mixed Platforms.Build.0 = Debug|Any CPU
		{8B5E4067-8A2F-41CA-BF57-187B04A7431C}.Debug|x86.ActiveCfg = Debug|Any CPU
		{8B5E4067-8A2F-41CA-BF57-187B04A7431C}.Debug|x86.Build.0 = Debug|Any CPU
		{8B5E4067-8A2F-41CA-BF57-187B04A7431C}.Release|Any CPU.ActiveCfg = Release|Any CPU
		{8B5E4067-8A2F-41CA-BF57-187B04A7431C}.Release|Any CPU.Build.0 = Release|Any CPU
		{8B5E4067-8A2F-41CA-BF57-187B04A7431C}.Release|Mixed Platforms.ActiveCfg = Release|Any CPU
		{8B5E4067-8A2F-41CA-BF57-187B04A7431C}.Release|Mixed Platforms.Build.0 = Release|Any CPU
		{8B5E4067-8A2F-41CA-BF57-187B04A7431C}.Release|x86.ActiveCfg = Release|Any CPU
		{8B5E4067-8A2F-41CA-BF57-187B04A7431C}.Release|x86.Build.0 = Release|Any CPU
	EndGlobalSection
	GlobalSection(SolutionProperties) = preSolution
		HideSolutionNode = FALSE
	EndGlobalSection
	GlobalSection(NestedProjects) = preSolution
		{85959341-4F7A-42B7-ABED-CFB3FE13C17C} = {37AF729A-AFF0-45EB-A14E-AED29CE5DB3D}
		{1D42071F-7D74-452F-9A18-E29F80BD83B1} = {B94BCBBD-27CF-49D0-9D3F-9D3D90CE1134}
		{6CD99304-9218-4C77-8DEB-F37FBF2217B9} = {85959341-4F7A-42B7-ABED-CFB3FE13C17C}
		{6FF05CCD-224A-4902-869B-6872AA9C4E91} = {85959341-4F7A-42B7-ABED-CFB3FE13C17C}
		{ABB9FA61-4BBF-4183-8F9A-EEF4595AD567} = {85959341-4F7A-42B7-ABED-CFB3FE13C17C}
		{12C77613-8D87-48D3-BC74-EF020CA3A567} = {85959341-4F7A-42B7-ABED-CFB3FE13C17C}
		{38E0A78C-3E9E-4998-89A0-B1500034E761} = {85959341-4F7A-42B7-ABED-CFB3FE13C17C}
		{CC3430F6-D194-43BA-B351-703CAE4E04D8} = {1D42071F-7D74-452F-9A18-E29F80BD83B1}
		{27BBDDD5-5FEA-47C6-AE63-DD25CFE24D7F} = {1D42071F-7D74-452F-9A18-E29F80BD83B1}
		{8B5E4067-8A2F-41CA-BF57-187B04A7431C} = {2903610D-C557-4F82-B703-A7B3BBC64200}
	EndGlobalSection
	GlobalSection(SubversionScc) = preSolution
		Svn-Managed = True
		Manager = AnkhSVN - Subversion Support for Visual Studio
	EndGlobalSection
EndGlobal
